{
  "name": "creduce",
  "lockfileVersion": 2,
  "requires": true,
  "packages": {
    "": {
      "dependencies": {
        "@markw65/monkeyc-optimizer": "^1.1.19"
      }
    },
    "node_modules/@markw65/monkeyc-optimizer": {
      "version": "1.1.19",
      "resolved": "https://registry.npmjs.org/@markw65/monkeyc-optimizer/-/monkeyc-optimizer-1.1.19.tgz",
      "integrity": "sha512-mgZWCcAy92fpJSvKucXbpjJY0V9g7AovaoFO0qX24zzx0ZJ9bYR59Ceufx8CIzWV+t65j5hzKUPkmursDd9pTQ==",
      "dependencies": {
        "@markw65/prettier-plugin-monkeyc": "^1.0.46"
      }
    },
    "node_modules/@markw65/prettier-plugin-monkeyc": {
      "version": "1.0.46",
      "resolved": "https://registry.npmjs.org/@markw65/prettier-plugin-monkeyc/-/prettier-plugin-monkeyc-1.0.46.tgz",
      "integrity": "sha512-/f9dQCXYal7+QUtieU9z+OuW3Gg+e0lURzljtXcCU57bWaprBVm+PgoWZS0TlYUDAUb7yeddsbnLXpqyFuTjRw==",
      "peerDependencies": {
        "prettier": "^2.5.1"
      }
    },
    "node_modules/prettier": {
      "version": "2.8.4",
      "resolved": "https://registry.npmjs.org/prettier/-/prettier-2.8.4.tgz",
      "integrity": "sha512-vIS4Rlc2FNh0BySk3Wkd6xmwxB0FpOndW5fisM5H8hsZSxU2VWVB5CWIkIjWvrHjIhxk2g3bfMKM87zNTrZddw==",
      "peer": true,
      "bin": {
        "prettier": "bin-prettier.js"
      },
      "engines": {
        "node": ">=10.13.0"
      },
      "funding": {
        "url": "https://github.com/prettier/prettier?sponsor=1"
      }
    }
  },
  "dependencies": {
    "@markw65/monkeyc-optimizer": {
      "version": "1.1.19",
      "resolved": "https://registry.npmjs.org/@markw65/monkeyc-optimizer/-/monkeyc-optimizer-1.1.19.tgz",
      "integrity": "sha512-mgZWCcAy92fpJSvKucXbpjJY0V9g7AovaoFO0qX24zzx0ZJ9bYR59Ceufx8CIzWV+t65j5hzKUPkmursDd9pTQ==",
      "requires": {
        "@markw65/prettier-plugin-monkeyc": "^1.0.46"
      }
    },
    "@markw65/prettier-plugin-monkeyc": {
      "version": "1.0.46",
      "resolved": "https://registry.npmjs.org/@markw65/prettier-plugin-monkeyc/-/prettier-plugin-monkeyc-1.0.46.tgz",
      "integrity": "sha512-/f9dQCXYal7+QUtieU9z+OuW3Gg+e0lURzljtXcCU57bWaprBVm+PgoWZS0TlYUDAUb7yeddsbnLXpqyFuTjRw==",
      "requires": {}
    },
    "prettier": {
      "version": "2.8.4",
      "resolved": "https://registry.npmjs.org/prettier/-/prettier-2.8.4.tgz",
      "integrity": "sha512-vIS4Rlc2FNh0BySk3Wkd6xmwxB0FpOndW5fisM5H8hsZSxU2VWVB5CWIkIjWvrHjIhxk2g3bfMKM87zNTrZddw==",
      "peer": true
    }
  }
}
